---
path: ".gem_rbs_collection"
gems:
- name: ast
  version: '2.4'
  source:
    type: git
    name: ruby/gem_rbs_collection
    revision: 5aeae33367fa324abf3a4ef912f4e27aaf17f6b9
    remote: https://github.com/ruby/gem_rbs_collection.git
    repo_dir: gems
- name: binding_of_caller
  version: '1.0'
  source:
    type: git
    name: ruby/gem_rbs_collection
    revision: 5aeae33367fa324abf3a4ef912f4e27aaf17f6b9
    remote: https://github.com/ruby/gem_rbs_collection.git
    repo_dir: gems
- name: cgi-escape
  version: '0'
  source:
    type: stdlib
- name: diff-lcs
  version: '1.5'
  source:
    type: git
    name: ruby/gem_rbs_collection
    revision: 5aeae33367fa324abf3a4ef912f4e27aaf17f6b9
    remote: https://github.com/ruby/gem_rbs_collection.git
    repo_dir: gems
- name: fileutils
  version: '0'
  source:
    type: stdlib
- name: io-console
  version: '0'
  source:
    type: stdlib
- name: parser
  version: '3.2'
  source:
    type: git
    name: ruby/gem_rbs_collection
    revision: 5aeae33367fa324abf3a4ef912f4e27aaf17f6b9
    remote: https://github.com/ruby/gem_rbs_collection.git
    repo_dir: gems
- name: pp
  version: '0'
  source:
    type: stdlib
- name: prettyprint
  version: '0'
  source:
    type: stdlib
- name: prism
  version: 1.9.0
  source:
    type: rubygems
- name: rake
  version: '13.0'
  source:
    type: git
    name: ruby/gem_rbs_collection
    revision: 5aeae33367fa324abf3a4ef912f4e27aaf17f6b9
    remote: https://github.com/ruby/gem_rbs_collection.git
    repo_dir: gems
- name: rdoc
  version: '0'
  source:
    type: stdlib
- name: rspec-parameterized-core
  version: 2.0.1
  source:
    type: rubygems
- name: rspec-parameterized-table_syntax
  version: 2.1.0
  source:
    type: rubygems
gemfile_lock_path: Gemfile.lock
